// !$*UTF8*$!
{
	archiveVersion = 1;
	classes = {
	};
	objectVersion = 46;
	objects = {

/* Begin PBXBuildFile section */
		8F0CFA3A1E5A1ACE00787B6E /* AppDelegate.swift in Sources */ = {isa = PBXBuildFile; fileRef = 8F0CFA391E5A1ACE00787B6E /* AppDelegate.swift */; };
		8F0CFA3C1E5A1ACE00787B6E /* MasterViewController.swift in Sources */ = {isa = PBXBuildFile; fileRef = 8F0CFA3B1E5A1ACE00787B6E /* MasterViewController.swift */; };
		8F0CFA3E1E5A1ACE00787B6E /* DetailViewController.swift in Sources */ = {isa = PBXBuildFile; fileRef = 8F0CFA3D1E5A1ACE00787B6E /* DetailViewController.swift */; };
		8F0CFA411E5A1ACE00787B6E /* Main.storyboard in Resources */ = {isa = PBXBuildFile; fileRef = 8F0CFA3F1E5A1ACE00787B6E /* Main.storyboard */; };
		8F0CFA431E5A1ACE00787B6E /* Assets.xcassets in Resources */ = {isa = PBXBuildFile; fileRef = 8F0CFA421E5A1ACE00787B6E /* Assets.xcassets */; };
		8F0CFA461E5A1ACE00787B6E /* LaunchScreen.storyboard in Resources */ = {isa = PBXBuildFile; fileRef = 8F0CFA441E5A1ACE00787B6E /* LaunchScreen.storyboard */; };
		8F0CFA511E5A1ACE00787B6E /* zzz_appTests.swift in Sources */ = {isa = PBXBuildFile; fileRef = 8F0CFA501E5A1ACE00787B6E /* zzz_appTests.swift */; };
		8F0CFA5C1E5A1ACE00787B6E /* zzz_appUITests.swift in Sources */ = {isa = PBXBuildFile; fileRef = 8F0CFA5B1E5A1ACE00787B6E /* zzz_appUITests.swift */; };
/* End PBXBuildFile section */

/* Begin PBXContainerItemProxy section */
		8F0CFA4D1E5A1ACE00787B6E /* PBXContainerItemProxy */ = {
			isa = PBXContainerItemProxy;
			containerPortal = 8F0CFA2E1E5A1ACE00787B6E /* Project object */;
			proxyType = 1;
			remoteGlobalIDString = 8F0CFA351E5A1ACE00787B6E;
			remoteInfo = zzz_app;
		};
		8F0CFA581E5A1ACE00787B6E /* PBXContainerItemProxy */ = {
			isa = PBXContainerItemProxy;
			containerPortal = 8F0CFA2E1E5A1ACE00787B6E /* Project object */;
			proxyType = 1;
			remoteGlobalIDString = 8F0CFA351E5A1ACE00787B6E;
			remoteInfo = zzz_app;
		};
/* End PBXContainerItemProxy section */

/* Begin PBXFileReference section */
		8F0CFA361E5A1ACE00787B6E /* zzz_app.app */ = {isa = PBXFileReference; explicitFileType = wrapper.application; includeInIndex = 0; path = zzz_app.app; sourceTree = BUILT_PRODUCTS_DIR; };
		8F0CFA391E5A1ACE00787B6E /* AppDelegate.swift */ = {isa = PBXFileReference; lastKnownFileType = sourcecode.swift; path = AppDelegate.swift; sourceTree = "<group>"; };
		8F0CFA3B1E5A1ACE00787B6E /* MasterViewController.swift */ = {isa = PBXFileReference; lastKnownFileType = sourcecode.swift; path = MasterViewController.swift; sourceTree = "<group>"; };
		8F0CFA3D1E5A1ACE00787B6E /* DetailViewController.swift */ = {isa = PBXFileReference; lastKnownFileType = sourcecode.swift; path = DetailViewController.swift; sourceTree = "<group>"; };
		8F0CFA401E5A1ACE00787B6E /* Base */ = {isa = PBXFileReference; lastKnownFileType = file.storyboard; name = Base; path = Base.lproj/Main.storyboard; sourceTree = "<group>"; };
		8F0CFA421E5A1ACE00787B6E /* Assets.xcassets */ = {isa = PBXFileReference; lastKnownFileType = folder.assetcatalog; path = Assets.xcassets; sourceTree = "<group>"; };
		8F0CFA451E5A1ACE00787B6E /* Base */ = {isa = PBXFileReference; lastKnownFileType = file.storyboard; name = Base; path = Base.lproj/LaunchScreen.storyboard; sourceTree = "<group>"; };
		8F0CFA471E5A1ACE00787B6E /* Info.plist */ = {isa = PBXFileReference; lastKnownFileType = text.plist.xml; path = Info.plist; sourceTree = "<group>"; };
		8F0CFA4C1E5A1ACE00787B6E /* zzz_appTests.xctest */ = {isa = PBXFileReference; explicitFileType = wrapper.cfbundle; includeInIndex = 0; path = zzz_appTests.xctest; sourceTree = BUILT_PRODUCTS_DIR; };
		8F0CFA501E5A1ACE00787B6E /* zzz_appTests.swift */ = {isa = PBXFileReference; lastKnownFileType = sourcecode.swift; path = zzz_appTests.swift; sourceTree = "<group>"; };
		8F0CFA521E5A1ACE00787B6E /* Info.plist */ = {isa = PBXFileReference; lastKnownFileType = text.plist.xml; path = Info.plist; sourceTree = "<group>"; };
		8F0CFA571E5A1ACE00787B6E /* zzz_appUITests.xctest */ = {isa = PBXFileReference; explicitFileType = wrapper.cfbundle; includeInIndex = 0; path = zzz_appUITests.xctest; sourceTree = BUILT_PRODUCTS_DIR; };
		8F0CFA5B1E5A1ACE00787B6E /* zzz_appUITests.swift */ = {isa = PBXFileReference; lastKnownFileType = sourcecode.swift; path = zzz_appUITests.swift; sourceTree = "<group>"; };
		8F0CFA5D1E5A1ACE00787B6E /* Info.plist */ = {isa = PBXFileReference; lastKnownFileType = text.plist.xml; path = Info.plist; sourceTree = "<group>"; };
/* End PBXFileReference section */

/* Begin PBXFrameworksBuildPhase section */
		8F0CFA331E5A1ACE00787B6E /* Frameworks */ = {
			isa = PBXFrameworksBuildPhase;
			buildActionMask = 2147483647;
			files = (
			);
			runOnlyForDeploymentPostprocessing = 0;
		};
		8F0CFA491E5A1ACE00787B6E /* Frameworks */ = {
			isa = PBXFrameworksBuildPhase;
			buildActionMask = 2147483647;
			files = (
			);
			runOnlyForDeploymentPostprocessing = 0;
		};
		8F0CFA541E5A1ACE00787B6E /* Frameworks */ = {
			isa = PBXFrameworksBuildPhase;
			buildActionMask = 2147483647;
			files = (
			);
			runOnlyForDeploymentPostprocessing = 0;
		};
/* End PBXFrameworksBuildPhase section */

/* Begin PBXGroup section */
		8F0CFA2D1E5A1ACE00787B6E = {
			isa = PBXGroup;
			children = (
				8F0CFA381E5A1ACE00787B6E /* zzz_app */,
				8F0CFA4F1E5A1ACE00787B6E /* zzz_appTests */,
				8F0CFA5A1E5A1ACE00787B6E /* zzz_appUITests */,
				8F0CFA371E5A1ACE00787B6E /* Products */,
			);
			sourceTree = "<group>";
		};
		8F0CFA371E5A1ACE00787B6E /* Products */ = {
			isa = PBXGroup;
			children = (
				8F0CFA361E5A1ACE00787B6E /* zzz_app.app */,
				8F0CFA4C1E5A1ACE00787B6E /* zzz_appTests.xctest */,
				8F0CFA571E5A1ACE00787B6E /* zzz_appUITests.xctest */,
			);
			name = Products;
			sourceTree = "<group>";
		};
		8F0CFA381E5A1ACE00787B6E /* zzz_app */ = {
			isa = PBXGroup;
			children = (
				8F0CFA391E5A1ACE00787B6E /* AppDelegate.swift */,
				8F0CFA3B1E5A1ACE00787B6E /* MasterViewController.swift */,
				8F0CFA3D1E5A1ACE00787B6E /* DetailViewController.swift */,
				8F0CFA3F1E5A1ACE00787B6E /* Main.storyboard */,
				8F0CFA421E5A1ACE00787B6E /* Assets.xcassets */,
				8F0CFA441E5A1ACE00787B6E /* LaunchScreen.storyboard */,
				8F0CFA471E5A1ACE00787B6E /* Info.plist */,
			);
			path = zzz_app;
			sourceTree = "<group>";
		};
		8F0CFA4F1E5A1ACE00787B6E /* zzz_appTests */ = {
			isa = PBXGroup;
			children = (
				8F0CFA501E5A1ACE00787B6E /* zzz_appTests.swift */,
				8F0CFA521E5A1ACE00787B6E /* Info.plist */,
			);
			path = zzz_appTests;
			sourceTree = "<group>";
		};
		8F0CFA5A1E5A1ACE00787B6E /* zzz_appUITests */ = {
			isa = PBXGroup;
			children = (
				8F0CFA5B1E5A1ACE00787B6E /* zzz_appUITests.swift */,
				8F0CFA5D1E5A1ACE00787B6E /* Info.plist */,
			);
			path = zzz_appUITests;
			sourceTree = "<group>";
		};
/* End PBXGroup section */

/* Begin PBXNativeTarget section */
		8F0CFA351E5A1ACE00787B6E /* zzz_app */ = {
			isa = PBXNativeTarget;
			buildConfigurationList = 8F0CFA601E5A1ACE00787B6E /* Build configuration list for PBXNativeTarget "zzz_app" */;
			buildPhases = (
				8F0CFA321E5A1ACE00787B6E /* Sources */,
				8F0CFA331E5A1ACE00787B6E /* Frameworks */,
				8F0CFA341E5A1ACE00787B6E /* Resources */,
			);
			buildRules = (
			);
			dependencies = (
			);
			name = zzz_app;
			productName = zzz_app;
			productReference = 8F0CFA361E5A1ACE00787B6E /* zzz_app.app */;
			productType = "com.apple.product-type.application";
		};
		8F0CFA4B1E5A1ACE00787B6E /* zzz_appTests */ = {
			isa = PBXNativeTarget;
			buildConfigurationList = 8F0CFA631E5A1ACE00787B6E /* Build configuration list for PBXNativeTarget "zzz_appTests" */;
			buildPhases = (
				8F0CFA481E5A1ACE00787B6E /* Sources */,
				8F0CFA491E5A1ACE00787B6E /* Frameworks */,
				8F0CFA4A1E5A1ACE00787B6E /* Resources */,
			);
			buildRules = (
			);
			dependencies = (
				8F0CFA4E1E5A1ACE00787B6E /* PBXTargetDependency */,
			);
			name = zzz_appTests;
			productName = zzz_appTests;
			productReference = 8F0CFA4C1E5A1ACE00787B6E /* zzz_appTests.xctest */;
			productType = "com.apple.product-type.bundle.unit-test";
		};
		8F0CFA561E5A1ACE00787B6E /* zzz_appUITests */ = {
			isa = PBXNativeTarget;
			buildConfigurationList = 8F0CFA661E5A1ACE00787B6E /* Build configuration list for PBXNativeTarget "zzz_appUITests" */;
			buildPhases = (
				8F0CFA531E5A1ACE00787B6E /* Sources */,
				8F0CFA541E5A1ACE00787B6E /* Frameworks */,
				8F0CFA551E5A1ACE00787B6E /* Resources */,
			);
			buildRules = (
			);
			dependencies = (
				8F0CFA591E5A1ACE00787B6E /* PBXTargetDependency */,
			);
			name = zzz_appUITests;
			productName = zzz_appUITests;
			productReference = 8F0CFA571E5A1ACE00787B6E /* zzz_appUITests.xctest */;
			productType = "com.apple.product-type.bundle.ui-testing";
		};
/* End PBXNativeTarget section */

/* Begin PBXProject section */
		8F0CFA2E1E5A1ACE00787B6E /* Project object */ = {
			isa = PBXProject;
			attributes = {
				LastSwiftUpdateCheck = 0820;
				LastUpgradeCheck = 0820;
				ORGANIZATIONNAME = "Pierre Azalbert";
				TargetAttributes = {
					8F0CFA351E5A1ACE00787B6E = {
						CreatedOnToolsVersion = 8.2.1;
						DevelopmentTeam = U3P6FLLH65;
						ProvisioningStyle = Automatic;
					};
					8F0CFA4B1E5A1ACE00787B6E = {
						CreatedOnToolsVersion = 8.2.1;
						DevelopmentTeam = U3P6FLLH65;
						ProvisioningStyle = Automatic;
						TestTargetID = 8F0CFA351E5A1ACE00787B6E;
					};
					8F0CFA561E5A1ACE00787B6E = {
						CreatedOnToolsVersion = 8.2.1;
						DevelopmentTeam = U3P6FLLH65;
						ProvisioningStyle = Automatic;
						TestTargetID = 8F0CFA351E5A1ACE00787B6E;
					};
				};
			};
			buildConfigurationList = 8F0CFA311E5A1ACE00787B6E /* Build configuration list for PBXProject "zzz_app" */;
			compatibilityVersion = "Xcode 3.2";
			developmentRegion = English;
			hasScannedForEncodings = 0;
			knownRegions = (
				en,
				Base,
			);
			mainGroup = 8F0CFA2D1E5A1ACE00787B6E;
			productRefGroup = 8F0CFA371E5A1ACE00787B6E /* Products */;
			projectDirPath = "";
			projectRoot = "";
			targets = (
				8F0CFA351E5A1ACE00787B6E /* zzz_app */,
				8F0CFA4B1E5A1ACE00787B6E /* zzz_appTests */,
				8F0CFA561E5A1ACE00787B6E /* zzz_appUITests */,
			);
		};
/* End PBXProject section */

/* Begin PBXResourcesBuildPhase section */
		8F0CFA341E5A1ACE00787B6E /* Resources */ = {
			isa = PBXResourcesBuildPhase;
			buildActionMask = 2147483647;
			files = (
				8F0CFA461E5A1ACE00787B6E /* LaunchScreen.storyboard in Resources */,
				8F0CFA431E5A1ACE00787B6E /* Assets.xcassets in Resources */,
				8F0CFA411E5A1ACE00787B6E /* Main.storyboard in Resources */,
			);
			runOnlyForDeploymentPostprocessing = 0;
		};
		8F0CFA4A1E5A1ACE00787B6E /* Resources */ = {
			isa = PBXResourcesBuildPhase;
			buildActionMask = 2147483647;
			files = (
			);
			runOnlyForDeploymentPostprocessing = 0;
		};
		8F0CFA551E5A1ACE00787B6E /* Resources */ = {
			isa = PBXResourcesBuildPhase;
			buildActionMask = 2147483647;
			files = (
			);
			runOnlyForDeploymentPostprocessing = 0;
		};
/* End PBXResourcesBuildPhase section */

/* Begin PBXSourcesBuildPhase section */
		8F0CFA321E5A1ACE00787B6E /* Sources */ = {
			isa = PBXSourcesBuildPhase;
			buildActionMask = 2147483647;
			files = (
				8F0CFA3E1E5A1ACE00787B6E /* DetailViewController.swift in Sources */,
				8F0CFA3C1E5A1ACE00787B6E /* MasterViewController.swift in Sources */,
				8F0CFA3A1E5A1ACE00787B6E /* AppDelegate.swift in Sources */,
			);
			runOnlyForDeploymentPostprocessing = 0;
		};
		8F0CFA481E5A1ACE00787B6E /* Sources */ = {
			isa = PBXSourcesBuildPhase;
			buildActionMask = 2147483647;
			files = (
				8F0CFA511E5A1ACE00787B6E /* zzz_appTests.swift in Sources */,
			);
			runOnlyForDeploymentPostprocessing = 0;
		};
		8F0CFA531E5A1ACE00787B6E /* Sources */ = {
			isa = PBXSourcesBuildPhase;
			buildActionMask = 2147483647;
			files = (
				8F0CFA5C1E5A1ACE00787B6E /* zzz_appUITests.swift in Sources */,
			);
			runOnlyForDeploymentPostprocessing = 0;
		};
/* End PBXSourcesBuildPhase section */

/* Begin PBXTargetDependency section */
		8F0CFA4E1E5A1ACE00787B6E /* PBXTargetDependency */ = {
			isa = PBXTargetDependency;
			target = 8F0CFA351E5A1ACE00787B6E /* zzz_app */;
			targetProxy = 8F0CFA4D1E5A1ACE00787B6E /* PBXContainerItemProxy */;
		};
		8F0CFA591E5A1ACE00787B6E /* PBXTargetDependency */ = {
			isa = PBXTargetDependency;
			target = 8F0CFA351E5A1ACE00787B6E /* zzz_app */;
			targetProxy = 8F0CFA581E5A1ACE00787B6E /* PBXContainerItemProxy */;
		};
/* End PBXTargetDependency section */

/* Begin PBXVariantGroup section */
		8F0CFA3F1E5A1ACE00787B6E /* Main.storyboard */ = {
			isa = PBXVariantGroup;
			children = (
				8F0CFA401E5A1ACE00787B6E /* Base */,
			);
			name = Main.storyboard;
			sourceTree = "<group>";
		};
		8F0CFA441E5A1ACE00787B6E /* LaunchScreen.storyboard */ = {
			isa = PBXVariantGroup;
			children = (
				8F0CFA451E5A1ACE00787B6E /* Base */,
			);
			name = LaunchScreen.storyboard;
			sourceTree = "<group>";
		};
/* End PBXVariantGroup section */

/* Begin XCBuildConfiguration section */
		8F0CFA5E1E5A1ACE00787B6E /* Debug */ = {
			isa = XCBuildConfiguration;
			buildSettings = {
				ALWAYS_SEARCH_USER_PATHS = NO;
				CLANG_ANALYZER_NONNULL = YES;
				CLANG_CXX_LANGUAGE_STANDARD = "gnu++0x";
				CLANG_CXX_LIBRARY = "libc++";
				CLANG_ENABLE_MODULES = YES;
				CLANG_ENABLE_OBJC_ARC = YES;
				CLANG_WARN_BOOL_CONVERSION = YES;
				CLANG_WARN_CONSTANT_CONVERSION = YES;
				CLANG_WARN_DIRECT_OBJC_ISA_USAGE = YES_ERROR;
				CLANG_WARN_DOCUMENTATION_COMMENTS = YES;
				CLANG_WARN_EMPTY_BODY = YES;
				CLANG_WARN_ENUM_CONVERSION = YES;
				CLANG_WARN_INFINITE_RECURSION = YES;
				CLANG_WARN_INT_CONVERSION = YES;
				CLANG_WARN_OBJC_ROOT_CLASS = YES_ERROR;
				CLANG_WARN_SUSPICIOUS_MOVE = YES;
				CLANG_WARN_UNREACHABLE_CODE = YES;
				CLANG_WARN__DUPLICATE_METHOD_MATCH = YES;
				"CODE_SIGN_IDENTITY[sdk=iphoneos*]" = "iPhone Developer";
				COPY_PHASE_STRIP = NO;
				DEBUG_INFORMATION_FORMAT = dwarf;
				ENABLE_STRICT_OBJC_MSGSEND = YES;
				ENABLE_TESTABILITY = YES;
				GCC_C_LANGUAGE_STANDARD = gnu99;
				GCC_DYNAMIC_NO_PIC = NO;
				GCC_NO_COMMON_BLOCKS = YES;
				GCC_OPTIMIZATION_LEVEL = 0;
				GCC_PREPROCESSOR_DEFINITIONS = (
					"DEBUG=1",
					"$(inherited)",
				);
				GCC_WARN_64_TO_32_BIT_CONVERSION = YES;
				GCC_WARN_ABOUT_RETURN_TYPE = YES_ERROR;
				GCC_WARN_UNDECLARED_SELECTOR = YES;
				GCC_WARN_UNINITIALIZED_AUTOS = YES_AGGRESSIVE;
				GCC_WARN_UNUSED_FUNCTION = YES;
				GCC_WARN_UNUSED_VARIABLE = YES;
				IPHONEOS_DEPLOYMENT_TARGET = 10.2;
				MTL_ENABLE_DEBUG_INFO = YES;
				ONLY_ACTIVE_ARCH = YES;
				SDKROOT = iphoneos;
				SWIFT_ACTIVE_COMPILATION_CONDITIONS = DEBUG;
				SWIFT_OPTIMIZATION_LEVEL = "-Onone";
				TARGETED_DEVICE_FAMILY = "1,2";
			};
			name = Debug;
		};
		8F0CFA5F1E5A1ACE00787B6E /* Release */ = {
			isa = XCBuildConfiguration;
			buildSettings = {
				ALWAYS_SEARCH_USER_PATHS = NO;
				CLANG_ANALYZER_NONNULL = YES;
				CLANG_CXX_LANGUAGE_STANDARD = "gnu++0x";
				CLANG_CXX_LIBRARY = "libc++";
				CLANG_ENABLE_MODULES = YES;
				CLANG_ENABLE_OBJC_ARC = YES;
				CLANG_WARN_BOOL_CONVERSION = YES;
				CLANG_WARN_CONSTANT_CONVERSION = YES;
				CLANG_WARN_DIRECT_OBJC_ISA_USAGE = YES_ERROR;
				CLANG_WARN_DOCUMENTATION_COMMENTS = YES;
				CLANG_WARN_EMPTY_BODY = YES;
				CLANG_WARN_ENUM_CONVERSION = YES;
				CLANG_WARN_INFINITE_RECURSION = YES;
				CLANG_WARN_INT_CONVERSION = YES;
				CLANG_WARN_OBJC_ROOT_CLASS = YES_ERROR;
				CLANG_WARN_SUSPICIOUS_MOVE = YES;
				CLANG_WARN_UNREACHABLE_CODE = YES;
				CLANG_WARN__DUPLICATE_METHOD_MATCH = YES;
				"CODE_SIGN_IDENTITY[sdk=iphoneos*]" = "iPhone Developer";
				COPY_PHASE_STRIP = NO;
				DEBUG_INFORMATION_FORMAT = "dwarf-with-dsym";
				ENABLE_NS_ASSERTIONS = NO;
				ENABLE_STRICT_OBJC_MSGSEND = YES;
				GCC_C_LANGUAGE_STANDARD = gnu99;
				GCC_NO_COMMON_BLOCKS = YES;
				GCC_WARN_64_TO_32_BIT_CONVERSION = YES;
				GCC_WARN_ABOUT_RETURN_TYPE = YES_ERROR;
				GCC_WARN_UNDECLARED_SELECTOR = YES;
				GCC_WARN_UNINITIALIZED_AUTOS = YES_AGGRESSIVE;
				GCC_WARN_UNUSED_FUNCTION = YES;
				GCC_WARN_UNUSED_VARIABLE = YES;
				IPHONEOS_DEPLOYMENT_TARGET = 10.2;
				MTL_ENABLE_DEBUG_INFO = NO;
				SDKROOT = iphoneos;
				SWIFT_OPTIMIZATION_LEVEL = "-Owholemodule";
				TARGETED_DEVICE_FAMILY = "1,2";
				VALIDATE_PRODUCT = YES;
			};
			name = Release;
		};
		8F0CFA611E5A1ACE00787B6E /* Debug */ = {
			isa = XCBuildConfiguration;
			buildSettings = {
				ASSETCATALOG_COMPILER_APPICON_NAME = AppIcon;
				DEVELOPMENT_TEAM = U3P6FLLH65;
				INFOPLIST_FILE = zzz_app/Info.plist;
				LD_RUNPATH_SEARCH_PATHS = "$(inherited) @executable_path/Frameworks";
				PRODUCT_BUNDLE_IDENTIFIER = "PA.zzz-app";
				PRODUCT_NAME = "$(TARGET_NAME)";
				SWIFT_VERSION = 3.0;
			};
			name = Debug;
		};
		8F0CFA621E5A1ACE00787B6E /* Release */ = {
			isa = XCBuildConfiguration;
			buildSettings = {
				ASSETCATALOG_COMPILER_APPICON_NAME = AppIcon;
				DEVELOPMENT_TEAM = U3P6FLLH65;
				INFOPLIST_FILE = zzz_app/Info.plist;
				LD_RUNPATH_SEARCH_PATHS = "$(inherited) @executable_path/Frameworks";
				PRODUCT_BUNDLE_IDENTIFIER = "PA.zzz-app";
				PRODUCT_NAME = "$(TARGET_NAME)";
				SWIFT_VERSION = 3.0;
			};
			name = Release;
		};
		8F0CFA641E5A1ACE00787B6E /* Debug */ = {
			isa = XCBuildConfiguration;
			buildSettings = {
				ALWAYS_EMBED_SWIFT_STANDARD_LIBRARIES = YES;
				BUNDLE_LOADER = "$(TEST_HOST)";
				DEVELOPMENT_TEAM = U3P6FLLH65;
				INFOPLIST_FILE = zzz_appTests/Info.plist;
				LD_RUNPATH_SEARCH_PATHS = "$(inherited) @executable_path/Frameworks @loader_path/Frameworks";
				PRODUCT_BUNDLE_IDENTIFIER = "PA.zzz-appTests";
				PRODUCT_NAME = "$(TARGET_NAME)";
				SWIFT_VERSION = 3.0;
				TEST_HOST = "$(BUILT_PRODUCTS_DIR)/zzz_app.app/zzz_app";
			};
			name = Debug;
		};
		8F0CFA651E5A1ACE00787B6E /* Release */ = {
			isa = XCBuildConfiguration;
			buildSettings = {
				ALWAYS_EMBED_SWIFT_STANDARD_LIBRARIES = YES;
				BUNDLE_LOADER = "$(TEST_HOST)";
				DEVELOPMENT_TEAM = U3P6FLLH65;
				INFOPLIST_FILE = zzz_appTests/Info.plist;
				LD_RUNPATH_SEARCH_PATHS = "$(inherited) @executable_path/Frameworks @loader_path/Frameworks";
				PRODUCT_BUNDLE_IDENTIFIER = "PA.zzz-appTests";
				PRODUCT_NAME = "$(TARGET_NAME)";
				SWIFT_VERSION = 3.0;
				TEST_HOST = "$(BUILT_PRODUCTS_DIR)/zzz_app.app/zzz_app";
			};
			name = Release;
		};
		8F0CFA671E5A1ACE00787B6E /* Debug */ = {
			isa = XCBuildConfiguration;
			buildSettings = {
				ALWAYS_EMBED_SWIFT_STANDARD_LIBRARIES = YES;
				DEVELOPMENT_TEAM = U3P6FLLH65;
				INFOPLIST_FILE = zzz_appUITests/Info.plist;
				LD_RUNPATH_SEARCH_PATHS = "$(inherited) @executable_path/Frameworks @loader_path/Frameworks";
				PRODUCT_BUNDLE_IDENTIFIER = "PA.zzz-appUITests";
				PRODUCT_NAME = "$(TARGET_NAME)";
				SWIFT_VERSION = 3.0;
				TEST_TARGET_NAME = zzz_app;
			};
			name = Debug;
		};
		8F0CFA681E5A1ACE00787B6E /* Release */ = {
			isa = XCBuildConfiguration;
			buildSettings = {
				ALWAYS_EMBED_SWIFT_STANDARD_LIBRARIES = YES;
				DEVELOPMENT_TEAM = U3P6FLLH65;
				INFOPLIST_FILE = zzz_appUITests/Info.plist;
				LD_RUNPATH_SEARCH_PATHS = "$(inherited) @executable_path/Frameworks @loader_path/Frameworks";
				PRODUCT_BUNDLE_IDENTIFIER = "PA.zzz-appUITests";
				PRODUCT_NAME = "$(TARGET_NAME)";
				SWIFT_VERSION = 3.0;
				TEST_TARGET_NAME = zzz_app;
			};
			name = Release;
		};
/* End XCBuildConfiguration section */

/* Begin XCConfigurationList section */
		8F0CFA311E5A1ACE00787B6E /* Build configuration list for PBXProject "zzz_app" */ = {
			isa = XCConfigurationList;
			buildConfigurations = (
				8F0CFA5E1E5A1ACE00787B6E /* Debug */,
				8F0CFA5F1E5A1ACE00787B6E /* Release */,
			);
			defaultConfigurationIsVisible = 0;
			defaultConfigurationName = Release;
		};
		8F0CFA601E5A1ACE00787B6E /* Build configuration list for PBXNativeTarget "zzz_app" */ = {
			isa = XCConfigurationList;
			buildConfigurations = (
				8F0CFA611E5A1ACE00787B6E /* Debug */,
				8F0CFA621E5A1ACE00787B6E /* Release */,
			);
			defaultConfigurationIsVisible = 0;
		};
		8F0CFA631E5A1ACE00787B6E /* Build configuration list for PBXNativeTarget "zzz_appTests" */ = {
			isa = XCConfigurationList;
			buildConfigurations = (
				8F0CFA641E5A1ACE00787B6E /* Debug */,
				8F0CFA651E5A1ACE00787B6E /* Release */,
			);
			defaultConfigurationIsVisible = 0;
		};
		8F0CFA661E5A1ACE00787B6E /* Build configuration list for PBXNativeTarget "zzz_appUITests" */ = {
			isa = XCConfigurationList;
			buildConfigurations = (
				8F0CFA671E5A1ACE00787B6E /* Debug */,
				8F0CFA681E5A1ACE00787B6E /* Release */,
			);
			defaultConfigurationIsVisible = 0;
		};
/* End XCConfigurationList section */
	};
	rootObject = 8F0CFA2E1E5A1ACE00787B6E /* Project object */;
}
